// !$*UTF8*$!
{
	archiveVersion = 1;
	classes = {
	};
	objectVersion = 77;
	objects = {

/* Begin PBXBuildFile section */
		7591455D2E245A5900F27C2E /* WidgetKit.framework in Frameworks */ = {isa = PBXBuildFile; fileRef = 7591455C2E245A5900F27C2E /* WidgetKit.framework */; };
		7591455F2E245A5900F27C2E /* SwiftUI.framework in Frameworks */ = {isa = PBXBuildFile; fileRef = 7591455E2E245A5900F27C2E /* SwiftUI.framework */; };
		7591456C2E245A5900F27C2E /* SimpleStatsWidgetExtension.appex in Embed Foundation Extensions */ = {isa = PBXBuildFile; fileRef = 7591455A2E245A5900F27C2E /* SimpleStatsWidgetExtension.appex */; settings = {ATTRIBUTES = (RemoveHeadersOnCopy, ); }; };
		75914B572E2492A400F27C2E /* SimpleStatsWatch Watch App.app in Embed Watch Content */ = {isa = PBXBuildFile; fileRef = 75914B4D2E2492A400F27C2E /* SimpleStatsWatch Watch App.app */; settings = {ATTRIBUTES = (RemoveHeadersOnCopy, ); }; };
		75914B612E2492C000F27C2E /* WidgetKit.framework in Frameworks */ = {isa = PBXBuildFile; fileRef = 7591455C2E245A5900F27C2E /* WidgetKit.framework */; };
		75914B622E2492C000F27C2E /* SwiftUI.framework in Frameworks */ = {isa = PBXBuildFile; fileRef = 7591455E2E245A5900F27C2E /* SwiftUI.framework */; };
		75914B6F2E2492C100F27C2E /* SimpleStatsWatchWidgetExtension.appex in Embed Foundation Extensions */ = {isa = PBXBuildFile; fileRef = 75914B602E2492C000F27C2E /* SimpleStatsWatchWidgetExtension.appex */; settings = {ATTRIBUTES = (RemoveHeadersOnCopy, ); }; };
/* End PBXBuildFile section */

/* Begin PBXContainerItemProxy section */
		7591456A2E245A5900F27C2E /* PBXContainerItemProxy */ = {
			isa = PBXContainerItemProxy;
			containerPortal = 759145402E245A2F00F27C2E /* Project object */;
			proxyType = 1;
			remoteGlobalIDString = 759145592E245A5900F27C2E;
			remoteInfo = SimpleStatsWidgetExtension;
		};
		75914B552E2492A400F27C2E /* PBXContainerItemProxy */ = {
			isa = PBXContainerItemProxy;
			containerPortal = 759145402E245A2F00F27C2E /* Project object */;
			proxyType = 1;
			remoteGlobalIDString = 75914B4C2E2492A400F27C2E;
			remoteInfo = "SimpleStatsWatch Watch App";
		};
		75914B6D2E2492C100F27C2E /* PBXContainerItemProxy */ = {
			isa = PBXContainerItemProxy;
			containerPortal = 759145402E245A2F00F27C2E /* Project object */;
			proxyType = 1;
			remoteGlobalIDString = 75914B5F2E2492C000F27C2E;
			remoteInfo = SimpleStatsWatchWidgetExtension;
		};
/* End PBXContainerItemProxy section */

/* Begin PBXCopyFilesBuildPhase section */
		759145712E245A5900F27C2E /* Embed Foundation Extensions */ = {
			isa = PBXCopyFilesBuildPhase;
			buildActionMask = 2147483647;
			dstPath = "";
			dstSubfolderSpec = 13;
			files = (
				7591456C2E245A5900F27C2E /* SimpleStatsWidgetExtension.appex in Embed Foundation Extensions */,
			);
			name = "Embed Foundation Extensions";
			runOnlyForDeploymentPostprocessing = 0;
		};
		75914B582E2492A400F27C2E /* Embed Watch Content */ = {
			isa = PBXCopyFilesBuildPhase;
			buildActionMask = 2147483647;
			dstPath = "$(CONTENTS_FOLDER_PATH)/Watch";
			dstSubfolderSpec = 16;
			files = (
				75914B572E2492A400F27C2E /* SimpleStatsWatch Watch App.app in Embed Watch Content */,
			);
			name = "Embed Watch Content";
			runOnlyForDeploymentPostprocessing = 0;
		};
		75914B742E2492C100F27C2E /* Embed Foundation Extensions */ = {
			isa = PBXCopyFilesBuildPhase;
			buildActionMask = 2147483647;
			dstPath = "";
			dstSubfolderSpec = 13;
			files = (
				75914B6F2E2492C100F27C2E /* SimpleStatsWatchWidgetExtension.appex in Embed Foundation Extensions */,
			);
			name = "Embed Foundation Extensions";
			runOnlyForDeploymentPostprocessing = 0;
		};
/* End PBXCopyFilesBuildPhase section */

/* Begin PBXFileReference section */
		759145482E245A2F00F27C2E /* SimpleStats.app */ = {isa = PBXFileReference; explicitFileType = wrapper.application; includeInIndex = 0; path = SimpleStats.app; sourceTree = BUILT_PRODUCTS_DIR; };
		7591455A2E245A5900F27C2E /* SimpleStatsWidgetExtension.appex */ = {isa = PBXFileReference; explicitFileType = "wrapper.app-extension"; includeInIndex = 0; path = SimpleStatsWidgetExtension.appex; sourceTree = BUILT_PRODUCTS_DIR; };
		7591455C2E245A5900F27C2E /* WidgetKit.framework */ = {isa = PBXFileReference; lastKnownFileType = wrapper.framework; name = WidgetKit.framework; path = System/Library/Frameworks/WidgetKit.framework; sourceTree = SDKROOT; };
		7591455E2E245A5900F27C2E /* SwiftUI.framework */ = {isa = PBXFileReference; lastKnownFileType = wrapper.framework; name = SwiftUI.framework; path = System/Library/Frameworks/SwiftUI.framework; sourceTree = SDKROOT; };
		75914B4D2E2492A400F27C2E /* SimpleStatsWatch Watch App.app */ = {isa = PBXFileReference; explicitFileType = wrapper.application; includeInIndex = 0; path = "SimpleStatsWatch Watch App.app"; sourceTree = BUILT_PRODUCTS_DIR; };
		75914B602E2492C000F27C2E /* SimpleStatsWatchWidgetExtension.appex */ = {isa = PBXFileReference; explicitFileType = "wrapper.app-extension"; includeInIndex = 0; path = SimpleStatsWatchWidgetExtension.appex; sourceTree = BUILT_PRODUCTS_DIR; };
/* End PBXFileReference section */

/* Begin PBXFileSystemSynchronizedBuildFileExceptionSet section */
		7591456D2E245A5900F27C2E /* Exceptions for "SimpleStatsWidget" folder in "SimpleStatsWidgetExtension" target */ = {
			isa = PBXFileSystemSynchronizedBuildFileExceptionSet;
			membershipExceptions = (
				Info.plist,
			);
			target = 759145592E245A5900F27C2E /* SimpleStatsWidgetExtension */;
		};
		759145752E245B8400F27C2E /* Exceptions for "Common" folder in "SimpleStats" target */ = {
			isa = PBXFileSystemSynchronizedBuildFileExceptionSet;
			membershipExceptions = (
				StepGoalEntity.swift,
				StepGoalIntent.swift,
				StepGoalWidget.swift,
				WaterFrequencyEntity.swift,
				WaterReminderIntent.swift,
				WaterReminderWidget.swift,
				WidgetBundle.swift,
			);
			target = 759145472E245A2F00F27C2E /* SimpleStats */;
		};
		75914B022E248CA200F27C2E /* Exceptions for "Common" folder in "SimpleStatsWidgetExtension" target */ = {
			isa = PBXFileSystemSynchronizedBuildFileExceptionSet;
			membershipExceptions = (
				StepGoalEntity.swift,
				StepGoalIntent.swift,
				StepGoalWidget.swift,
				WaterFrequencyEntity.swift,
				WaterReminderIntent.swift,
				WaterReminderWidget.swift,
				WidgetBundle.swift,
			);
			target = 759145592E245A5900F27C2E /* SimpleStatsWidgetExtension */;
		};
		75914B732E2492C100F27C2E /* Exceptions for "SimpleStatsWatchWidget" folder in "SimpleStatsWatchWidgetExtension" target */ = {
			isa = PBXFileSystemSynchronizedBuildFileExceptionSet;
			membershipExceptions = (
				Info.plist,
			);
			target = 75914B5F2E2492C000F27C2E /* SimpleStatsWatchWidgetExtension */;
		};
		75914B7C2E24933800F27C2E /* Exceptions for "Common" folder in "SimpleStatsWatchWidgetExtension" target */ = {
			isa = PBXFileSystemSynchronizedBuildFileExceptionSet;
			membershipExceptions = (
				StepGoalEntity.swift,
				StepGoalIntent.swift,
				StepGoalWidget.swift,
				WaterFrequencyEntity.swift,
				WaterReminderIntent.swift,
				WaterReminderWidget.swift,
				WidgetBundle.swift,
			);
			target = 75914B5F2E2492C000F27C2E /* SimpleStatsWatchWidgetExtension */;
		};
/* End PBXFileSystemSynchronizedBuildFileExceptionSet section */

/* Begin PBXFileSystemSynchronizedRootGroup section */
		7591454A2E245A2F00F27C2E /* SimpleStats */ = {
			isa = PBXFileSystemSynchronizedRootGroup;
			path = SimpleStats;
			sourceTree = "<group>";
		};
		759145602E245A5900F27C2E /* SimpleStatsWidget */ = {
			isa = PBXFileSystemSynchronizedRootGroup;
			exceptions = (
				7591456D2E245A5900F27C2E /* Exceptions for "SimpleStatsWidget" folder in "SimpleStatsWidgetExtension" target */,
			);
			path = SimpleStatsWidget;
			sourceTree = "<group>";
		};
		759145722E245B7500F27C2E /* Common */ = {
			isa = PBXFileSystemSynchronizedRootGroup;
			exceptions = (
				759145752E245B8400F27C2E /* Exceptions for "Common" folder in "SimpleStats" target */,
				75914B022E248CA200F27C2E /* Exceptions for "Common" folder in "SimpleStatsWidgetExtension" target */,
				75914B7C2E24933800F27C2E /* Exceptions for "Common" folder in "SimpleStatsWatchWidgetExtension" target */,
			);
			path = Common;
			sourceTree = "<group>";
		};
		75914B4E2E2492A400F27C2E /* SimpleStatsWatch Watch App */ = {
			isa = PBXFileSystemSynchronizedRootGroup;
			path = "SimpleStatsWatch Watch App";
			sourceTree = "<group>";
		};
		75914B632E2492C000F27C2E /* SimpleStatsWatchWidget */ = {
			isa = PBXFileSystemSynchronizedRootGroup;
			exceptions = (
				75914B732E2492C100F27C2E /* Exceptions for "SimpleStatsWatchWidget" folder in "SimpleStatsWatchWidgetExtension" target */,
			);
			path = SimpleStatsWatchWidget;
			sourceTree = "<group>";
		};
/* End PBXFileSystemSynchronizedRootGroup section */

/* Begin PBXFrameworksBuildPhase section */
		759145452E245A2F00F27C2E /* Frameworks */ = {
			isa = PBXFrameworksBuildPhase;
			buildActionMask = 2147483647;
			files = (
			);
			runOnlyForDeploymentPostprocessing = 0;
		};
		759145572E245A5900F27C2E /* Frameworks */ = {
			isa = PBXFrameworksBuildPhase;
			buildActionMask = 2147483647;
			files = (
				7591455F2E245A5900F27C2E /* SwiftUI.framework in Frameworks */,
				7591455D2E245A5900F27C2E /* WidgetKit.framework in Frameworks */,
			);
			runOnlyForDeploymentPostprocessing = 0;
		};
		75914B4A2E2492A400F27C2E /* Frameworks */ = {
			isa = PBXFrameworksBuildPhase;
			buildActionMask = 2147483647;
			files = (
			);
			runOnlyForDeploymentPostprocessing = 0;
		};
		75914B5D2E2492C000F27C2E /* Frameworks */ = {
			isa = PBXFrameworksBuildPhase;
			buildActionMask = 2147483647;
			files = (
				75914B622E2492C000F27C2E /* SwiftUI.framework in Frameworks */,
				75914B612E2492C000F27C2E /* WidgetKit.framework in Frameworks */,
			);
			runOnlyForDeploymentPostprocessing = 0;
		};
/* End PBXFrameworksBuildPhase section */

/* Begin PBXGroup section */
		7591453F2E245A2F00F27C2E = {
			isa = PBXGroup;
			children = (
				759145722E245B7500F27C2E /* Common */,
				7591454A2E245A2F00F27C2E /* SimpleStats */,
				759145602E245A5900F27C2E /* SimpleStatsWidget */,
				75914B4E2E2492A400F27C2E /* SimpleStatsWatch Watch App */,
				75914B632E2492C000F27C2E /* SimpleStatsWatchWidget */,
				7591455B2E245A5900F27C2E /* Frameworks */,
				759145492E245A2F00F27C2E /* Products */,
			);
			sourceTree = "<group>";
		};
		759145492E245A2F00F27C2E /* Products */ = {
			isa = PBXGroup;
			children = (
				759145482E245A2F00F27C2E /* SimpleStats.app */,
				7591455A2E245A5900F27C2E /* SimpleStatsWidgetExtension.appex */,
				75914B4D2E2492A400F27C2E /* SimpleStatsWatch Watch App.app */,
				75914B602E2492C000F27C2E /* SimpleStatsWatchWidgetExtension.appex */,
			);
			name = Products;
			sourceTree = "<group>";
		};
		7591455B2E245A5900F27C2E /* Frameworks */ = {
			isa = PBXGroup;
			children = (
				7591455C2E245A5900F27C2E /* WidgetKit.framework */,
				7591455E2E245A5900F27C2E /* SwiftUI.framework */,
			);
			name = Frameworks;
			sourceTree = "<group>";
		};
/* End PBXGroup section */

/* Begin PBXNativeTarget section */
		759145472E245A2F00F27C2E /* SimpleStats */ = {
			isa = PBXNativeTarget;
			buildConfigurationList = 759145532E245A3000F27C2E /* Build configuration list for PBXNativeTarget "SimpleStats" */;
			buildPhases = (
				759145442E245A2F00F27C2E /* Sources */,
				759145452E245A2F00F27C2E /* Frameworks */,
				759145462E245A2F00F27C2E /* Resources */,
				759145712E245A5900F27C2E /* Embed Foundation Extensions */,
				75914B582E2492A400F27C2E /* Embed Watch Content */,
			);
			buildRules = (
			);
			dependencies = (
				7591456B2E245A5900F27C2E /* PBXTargetDependency */,
				75914B562E2492A400F27C2E /* PBXTargetDependency */,
			);
			fileSystemSynchronizedGroups = (
				7591454A2E245A2F00F27C2E /* SimpleStats */,
				759145722E245B7500F27C2E /* Common */,
			);
			name = SimpleStats;
			packageProductDependencies = (
			);
			productName = SimpleStats;
			productReference = 759145482E245A2F00F27C2E /* SimpleStats.app */;
			productType = "com.apple.product-type.application";
		};
		759145592E245A5900F27C2E /* SimpleStatsWidgetExtension */ = {
			isa = PBXNativeTarget;
			buildConfigurationList = 7591456E2E245A5900F27C2E /* Build configuration list for PBXNativeTarget "SimpleStatsWidgetExtension" */;
			buildPhases = (
				759145562E245A5900F27C2E /* Sources */,
				759145572E245A5900F27C2E /* Frameworks */,
				759145582E245A5900F27C2E /* Resources */,
			);
			buildRules = (
			);
			dependencies = (
			);
			fileSystemSynchronizedGroups = (
				759145602E245A5900F27C2E /* SimpleStatsWidget */,
			);
			name = SimpleStatsWidgetExtension;
			packageProductDependencies = (
			);
			productName = SimpleStatsWidgetExtension;
			productReference = 7591455A2E245A5900F27C2E /* SimpleStatsWidgetExtension.appex */;
			productType = "com.apple.product-type.app-extension";
		};
		75914B4C2E2492A400F27C2E /* SimpleStatsWatch Watch App */ = {
			isa = PBXNativeTarget;
			buildConfigurationList = 75914B5B2E2492A400F27C2E /* Build configuration list for PBXNativeTarget "SimpleStatsWatch Watch App" */;
			buildPhases = (
				75914B492E2492A400F27C2E /* Sources */,
				75914B4A2E2492A400F27C2E /* Frameworks */,
				75914B4B2E2492A400F27C2E /* Resources */,
				75914B742E2492C100F27C2E /* Embed Foundation Extensions */,
			);
			buildRules = (
			);
			dependencies = (
				75914B6E2E2492C100F27C2E /* PBXTargetDependency */,
			);
			fileSystemSynchronizedGroups = (
				75914B4E2E2492A400F27C2E /* SimpleStatsWatch Watch App */,
			);
			name = "SimpleStatsWatch Watch App";
			packageProductDependencies = (
			);
			productName = "SimpleStatsWatch Watch App";
			productReference = 75914B4D2E2492A400F27C2E /* SimpleStatsWatch Watch App.app */;
			productType = "com.apple.product-type.application";
		};
		75914B5F2E2492C000F27C2E /* SimpleStatsWatchWidgetExtension */ = {
			isa = PBXNativeTarget;
			buildConfigurationList = 75914B702E2492C100F27C2E /* Build configuration list for PBXNativeTarget "SimpleStatsWatchWidgetExtension" */;
			buildPhases = (
				75914B5C2E2492C000F27C2E /* Sources */,
				75914B5D2E2492C000F27C2E /* Frameworks */,
				75914B5E2E2492C000F27C2E /* Resources */,
			);
			buildRules = (
			);
			dependencies = (
			);
			fileSystemSynchronizedGroups = (
				75914B632E2492C000F27C2E /* SimpleStatsWatchWidget */,
			);
			name = SimpleStatsWatchWidgetExtension;
			packageProductDependencies = (
			);
			productName = SimpleStatsWatchWidgetExtension;
			productReference = 75914B602E2492C000F27C2E /* SimpleStatsWatchWidgetExtension.appex */;
			productType = "com.apple.product-type.app-extension";
		};
/* End PBXNativeTarget section */

/* Begin PBXProject section */
		759145402E245A2F00F27C2E /* Project object */ = {
			isa = PBXProject;
			attributes = {
				BuildIndependentTargetsInParallel = 1;
				LastSwiftUpdateCheck = 2600;
				LastUpgradeCheck = 2600;
				TargetAttributes = {
					759145472E245A2F00F27C2E = {
						CreatedOnToolsVersion = 26.0;
					};
					759145592E245A5900F27C2E = {
						CreatedOnToolsVersion = 26.0;
					};
					75914B4C2E2492A400F27C2E = {
						CreatedOnToolsVersion = 26.0;
					};
					75914B5F2E2492C000F27C2E = {
						CreatedOnToolsVersion = 26.0;
					};
				};
			};
			buildConfigurationList = 759145432E245A2F00F27C2E /* Build configuration list for PBXProject "SimpleStats" */;
			developmentRegion = en;
			hasScannedForEncodings = 0;
			knownRegions = (
				en,
				Base,
			);
			mainGroup = 7591453F2E245A2F00F27C2E;
			minimizedProjectReferenceProxies = 1;
			preferredProjectObjectVersion = 77;
			productRefGroup = 759145492E245A2F00F27C2E /* Products */;
			projectDirPath = "";
			projectRoot = "";
			targets = (
				759145472E245A2F00F27C2E /* SimpleStats */,
				759145592E245A5900F27C2E /* SimpleStatsWidgetExtension */,
				75914B4C2E2492A400F27C2E /* SimpleStatsWatch Watch App */,
				75914B5F2E2492C000F27C2E /* SimpleStatsWatchWidgetExtension */,
			);
		};
/* End PBXProject section */

/* Begin PBXResourcesBuildPhase section */
		759145462E245A2F00F27C2E /* Resources */ = {
			isa = PBXResourcesBuildPhase;
			buildActionMask = 2147483647;
			files = (
			);
			runOnlyForDeploymentPostprocessing = 0;
		};
		759145582E245A5900F27C2E /* Resources */ = {
			isa = PBXResourcesBuildPhase;
			buildActionMask = 2147483647;
			files = (
			);
			runOnlyForDeploymentPostprocessing = 0;
		};
		75914B4B2E2492A400F27C2E /* Resources */ = {
			isa = PBXResourcesBuildPhase;
			buildActionMask = 2147483647;
			files = (
			);
			runOnlyForDeploymentPostprocessing = 0;
		};
		75914B5E2E2492C000F27C2E /* Resources */ = {
			isa = PBXResourcesBuildPhase;
			buildActionMask = 2147483647;
			files = (
			);
			runOnlyForDeploymentPostprocessing = 0;
		};
/* End PBXResourcesBuildPhase section */

/* Begin PBXSourcesBuildPhase section */
		759145442E245A2F00F27C2E /* Sources */ = {
			isa = PBXSourcesBuildPhase;
			buildActionMask = 2147483647;
			files = (
			);
			runOnlyForDeploymentPostprocessing = 0;
		};
		759145562E245A5900F27C2E /* Sources */ = {
			isa = PBXSourcesBuildPhase;
			buildActionMask = 2147483647;
			files = (
			);
			runOnlyForDeploymentPostprocessing = 0;
		};
		75914B492E2492A400F27C2E /* Sources */ = {
			isa = PBXSourcesBuildPhase;
			buildActionMask = 2147483647;
			files = (
			);
			runOnlyForDeploymentPostprocessing = 0;
		};
		75914B5C2E2492C000F27C2E /* Sources */ = {
			isa = PBXSourcesBuildPhase;
			buildActionMask = 2147483647;
			files = (
			);
			runOnlyForDeploymentPostprocessing = 0;
		};
/* End PBXSourcesBuildPhase section */

/* Begin PBXTargetDependency section */
		7591456B2E245A5900F27C2E /* PBXTargetDependency */ = {
			isa = PBXTargetDependency;
			target = 759145592E245A5900F27C2E /* SimpleStatsWidgetExtension */;
			targetProxy = 7591456A2E245A5900F27C2E /* PBXContainerItemProxy */;
		};
		75914B562E2492A400F27C2E /* PBXTargetDependency */ = {
			isa = PBXTargetDependency;
			target = 75914B4C2E2492A400F27C2E /* SimpleStatsWatch Watch App */;
			targetProxy = 75914B552E2492A400F27C2E /* PBXContainerItemProxy */;
		};
		75914B6E2E2492C100F27C2E /* PBXTargetDependency */ = {
			isa = PBXTargetDependency;
			target = 75914B5F2E2492C000F27C2E /* SimpleStatsWatchWidgetExtension */;
			targetProxy = 75914B6D2E2492C100F27C2E /* PBXContainerItemProxy */;
		};
/* End PBXTargetDependency section */

/* Begin XCBuildConfiguration section */
		759145512E245A3000F27C2E /* Debug */ = {
			isa = XCBuildConfiguration;
			buildSettings = {
				ALWAYS_SEARCH_USER_PATHS = NO;
				ASSETCATALOG_COMPILER_GENERATE_SWIFT_ASSET_SYMBOL_EXTENSIONS = YES;
				CLANG_ANALYZER_NONNULL = YES;
				CLANG_ANALYZER_NUMBER_OBJECT_CONVERSION = YES_AGGRESSIVE;
				CLANG_CXX_LANGUAGE_STANDARD = "gnu++20";
				CLANG_ENABLE_MODULES = YES;
				CLANG_ENABLE_OBJC_ARC = YES;
				CLANG_ENABLE_OBJC_WEAK = YES;
				CLANG_WARN_BLOCK_CAPTURE_AUTORELEASING = YES;
				CLANG_WARN_BOOL_CONVERSION = YES;
				CLANG_WARN_COMMA = YES;
				CLANG_WARN_CONSTANT_CONVERSION = YES;
				CLANG_WARN_DEPRECATED_OBJC_IMPLEMENTATIONS = YES;
				CLANG_WARN_DIRECT_OBJC_ISA_USAGE = YES_ERROR;
				CLANG_WARN_DOCUMENTATION_COMMENTS = YES;
				CLANG_WARN_EMPTY_BODY = YES;
				CLANG_WARN_ENUM_CONVERSION = YES;
				CLANG_WARN_INFINITE_RECURSION = YES;
				CLANG_WARN_INT_CONVERSION = YES;
				CLANG_WARN_NON_LITERAL_NULL_CONVERSION = YES;
				CLANG_WARN_OBJC_IMPLICIT_RETAIN_SELF = YES;
				CLANG_WARN_OBJC_LITERAL_CONVERSION = YES;
				CLANG_WARN_OBJC_ROOT_CLASS = YES_ERROR;
				CLANG_WARN_QUOTED_INCLUDE_IN_FRAMEWORK_HEADER = YES;
				CLANG_WARN_RANGE_LOOP_ANALYSIS = YES;
				CLANG_WARN_STRICT_PROTOTYPES = YES;
				CLANG_WARN_SUSPICIOUS_MOVE = YES;
				CLANG_WARN_UNGUARDED_AVAILABILITY = YES_AGGRESSIVE;
				CLANG_WARN_UNREACHABLE_CODE = YES;
				CLANG_WARN__DUPLICATE_METHOD_MATCH = YES;
				COPY_PHASE_STRIP = NO;
				DEBUG_INFORMATION_FORMAT = dwarf;
				DEVELOPMENT_TEAM = 92N443P47Y;
				ENABLE_STRICT_OBJC_MSGSEND = YES;
				ENABLE_TESTABILITY = YES;
				ENABLE_USER_SCRIPT_SANDBOXING = YES;
				GCC_C_LANGUAGE_STANDARD = gnu17;
				GCC_DYNAMIC_NO_PIC = NO;
				GCC_NO_COMMON_BLOCKS = YES;
				GCC_OPTIMIZATION_LEVEL = 0;
				GCC_PREPROCESSOR_DEFINITIONS = (
					"DEBUG=1",
					"$(inherited)",
				);
				GCC_WARN_64_TO_32_BIT_CONVERSION = YES;
				GCC_WARN_ABOUT_RETURN_TYPE = YES_ERROR;
				GCC_WARN_UNDECLARED_SELECTOR = YES;
				GCC_WARN_UNINITIALIZED_AUTOS = YES_AGGRESSIVE;
				GCC_WARN_UNUSED_FUNCTION = YES;
				GCC_WARN_UNUSED_VARIABLE = YES;
				IPHONEOS_DEPLOYMENT_TARGET = 26.0;
				LOCALIZATION_PREFERS_STRING_CATALOGS = YES;
				MTL_ENABLE_DEBUG_INFO = INCLUDE_SOURCE;
				MTL_FAST_MATH = YES;
				ONLY_ACTIVE_ARCH = YES;
				SDKROOT = iphoneos;
				SWIFT_ACTIVE_COMPILATION_CONDITIONS = "DEBUG $(inherited)";
				SWIFT_OPTIMIZATION_LEVEL = "-Onone";
			};
			name = Debug;
		};
		759145522E245A3000F27C2E /* Release */ = {
			isa = XCBuildConfiguration;
			buildSettings = {
				ALWAYS_SEARCH_USER_PATHS = NO;
				ASSETCATALOG_COMPILER_GENERATE_SWIFT_ASSET_SYMBOL_EXTENSIONS = YES;
				CLANG_ANALYZER_NONNULL = YES;
				CLANG_ANALYZER_NUMBER_OBJECT_CONVERSION = YES_AGGRESSIVE;
				CLANG_CXX_LANGUAGE_STANDARD = "gnu++20";
				CLANG_ENABLE_MODULES = YES;
				CLANG_ENABLE_OBJC_ARC = YES;
				CLANG_ENABLE_OBJC_WEAK = YES;
				CLANG_WARN_BLOCK_CAPTURE_AUTORELEASING = YES;
				CLANG_WARN_BOOL_CONVERSION = YES;
				CLANG_WARN_COMMA = YES;
				CLANG_WARN_CONSTANT_CONVERSION = YES;
				CLANG_WARN_DEPRECATED_OBJC_IMPLEMENTATIONS = YES;
				CLANG_WARN_DIRECT_OBJC_ISA_USAGE = YES_ERROR;
				CLANG_WARN_DOCUMENTATION_COMMENTS = YES;
				CLANG_WARN_EMPTY_BODY = YES;
				CLANG_WARN_ENUM_CONVERSION = YES;
				CLANG_WARN_INFINITE_RECURSION = YES;
				CLANG_WARN_INT_CONVERSION = YES;
				CLANG_WARN_NON_LITERAL_NULL_CONVERSION = YES;
				CLANG_WARN_OBJC_IMPLICIT_RETAIN_SELF = YES;
				CLANG_WARN_OBJC_LITERAL_CONVERSION = YES;
				CLANG_WARN_OBJC_ROOT_CLASS = YES_ERROR;
				CLANG_WARN_QUOTED_INCLUDE_IN_FRAMEWORK_HEADER = YES;
				CLANG_WARN_RANGE_LOOP_ANALYSIS = YES;
				CLANG_WARN_STRICT_PROTOTYPES = YES;
				CLANG_WARN_SUSPICIOUS_MOVE = YES;
				CLANG_WARN_UNGUARDED_AVAILABILITY = YES_AGGRESSIVE;
				CLANG_WARN_UNREACHABLE_CODE = YES;
				CLANG_WARN__DUPLICATE_METHOD_MATCH = YES;
				COPY_PHASE_STRIP = NO;
				DEBUG_INFORMATION_FORMAT = "dwarf-with-dsym";
				DEVELOPMENT_TEAM = 92N443P47Y;
				ENABLE_NS_ASSERTIONS = NO;
				ENABLE_STRICT_OBJC_MSGSEND = YES;
				ENABLE_USER_SCRIPT_SANDBOXING = YES;
				GCC_C_LANGUAGE_STANDARD = gnu17;
				GCC_NO_COMMON_BLOCKS = YES;
				GCC_WARN_64_TO_32_BIT_CONVERSION = YES;
				GCC_WARN_ABOUT_RETURN_TYPE = YES_ERROR;
				GCC_WARN_UNDECLARED_SELECTOR = YES;
				GCC_WARN_UNINITIALIZED_AUTOS = YES_AGGRESSIVE;
				GCC_WARN_UNUSED_FUNCTION = YES;
				GCC_WARN_UNUSED_VARIABLE = YES;
				IPHONEOS_DEPLOYMENT_TARGET = 26.0;
				LOCALIZATION_PREFERS_STRING_CATALOGS = YES;
				MTL_ENABLE_DEBUG_INFO = NO;
				MTL_FAST_MATH = YES;
				SDKROOT = iphoneos;
				SWIFT_COMPILATION_MODE = wholemodule;
				VALIDATE_PRODUCT = YES;
			};
			name = Release;
		};
		759145542E245A3000F27C2E /* Debug */ = {
			isa = XCBuildConfiguration;
			buildSettings = {
				ASSETCATALOG_COMPILER_APPICON_NAME = AppIcon;
				ASSETCATALOG_COMPILER_GLOBAL_ACCENT_COLOR_NAME = AccentColor;
				CODE_SIGN_STYLE = Automatic;
				CURRENT_PROJECT_VERSION = 1;
				DEVELOPMENT_TEAM = 92N443P47Y;
				ENABLE_PREVIEWS = YES;
				GENERATE_INFOPLIST_FILE = YES;
				INFOPLIST_KEY_UIApplicationSceneManifest_Generation = YES;
				INFOPLIST_KEY_UIApplicationSupportsIndirectInputEvents = YES;
				INFOPLIST_KEY_UILaunchScreen_Generation = YES;
				INFOPLIST_KEY_UISupportedInterfaceOrientations_iPad = "UIInterfaceOrientationPortrait UIInterfaceOrientationPortraitUpsideDown UIInterfaceOrientationLandscapeLeft UIInterfaceOrientationLandscapeRight";
				INFOPLIST_KEY_UISupportedInterfaceOrientations_iPhone = "UIInterfaceOrientationPortrait UIInterfaceOrientationLandscapeLeft UIInterfaceOrientationLandscapeRight";
				LD_RUNPATH_SEARCH_PATHS = (
					"$(inherited)",
					"@executable_path/Frameworks",
				);
				MARKETING_VERSION = 1.0;
				PRODUCT_BUNDLE_IDENTIFIER = com.tier9digital.SimpleStats;
				PRODUCT_NAME = "$(TARGET_NAME)";
				STRING_CATALOG_GENERATE_SYMBOLS = YES;
				SWIFT_APPROACHABLE_CONCURRENCY = NO;
				SWIFT_DEFAULT_ACTOR_ISOLATION = nonisolated;
				SWIFT_EMIT_LOC_STRINGS = YES;
				SWIFT_UPCOMING_FEATURE_MEMBER_IMPORT_VISIBILITY = YES;
				SWIFT_VERSION = 5.0;
				TARGETED_DEVICE_FAMILY = "1,2";
			};
			name = Debug;
		};
		759145552E245A3000F27C2E /* Release */ = {
			isa = XCBuildConfiguration;
			buildSettings = {
				ASSETCATALOG_COMPILER_APPICON_NAME = AppIcon;
				ASSETCATALOG_COMPILER_GLOBAL_ACCENT_COLOR_NAME = AccentColor;
				CODE_SIGN_STYLE = Automatic;
				CURRENT_PROJECT_VERSION = 1;
				DEVELOPMENT_TEAM = 92N443P47Y;
				ENABLE_PREVIEWS = YES;
				GENERATE_INFOPLIST_FILE = YES;
				INFOPLIST_KEY_UIApplicationSceneManifest_Generation = YES;
				INFOPLIST_KEY_UIApplicationSupportsIndirectInputEvents = YES;
				INFOPLIST_KEY_UILaunchScreen_Generation = YES;
				INFOPLIST_KEY_UISupportedInterfaceOrientations_iPad = "UIInterfaceOrientationPortrait UIInterfaceOrientationPortraitUpsideDown UIInterfaceOrientationLandscapeLeft UIInterfaceOrientationLandscapeRight";
				INFOPLIST_KEY_UISupportedInterfaceOrientations_iPhone = "UIInterfaceOrientationPortrait UIInterfaceOrientationLandscapeLeft UIInterfaceOrientationLandscapeRight";
				LD_RUNPATH_SEARCH_PATHS = (
					"$(inherited)",
					"@executable_path/Frameworks",
				);
				MARKETING_VERSION = 1.0;
				PRODUCT_BUNDLE_IDENTIFIER = com.tier9digital.SimpleStats;
				PRODUCT_NAME = "$(TARGET_NAME)";
				STRING_CATALOG_GENERATE_SYMBOLS = YES;
				SWIFT_APPROACHABLE_CONCURRENCY = NO;
				SWIFT_DEFAULT_ACTOR_ISOLATION = nonisolated;
				SWIFT_EMIT_LOC_STRINGS = YES;
				SWIFT_UPCOMING_FEATURE_MEMBER_IMPORT_VISIBILITY = YES;
				SWIFT_VERSION = 5.0;
				TARGETED_DEVICE_FAMILY = "1,2";
			};
			name = Release;
		};
		7591456F2E245A5900F27C2E /* Debug */ = {
			isa = XCBuildConfiguration;
			buildSettings = {
				ASSETCATALOG_COMPILER_GLOBAL_ACCENT_COLOR_NAME = AccentColor;
				ASSETCATALOG_COMPILER_WIDGET_BACKGROUND_COLOR_NAME = WidgetBackground;
				CODE_SIGN_STYLE = Automatic;
				CURRENT_PROJECT_VERSION = 1;
				DEVELOPMENT_TEAM = 92N443P47Y;
				GENERATE_INFOPLIST_FILE = YES;
				INFOPLIST_FILE = SimpleStatsWidget/Info.plist;
				INFOPLIST_KEY_CFBundleDisplayName = SimpleStatsWidget;
				INFOPLIST_KEY_NSHumanReadableCopyright = "";
				LD_RUNPATH_SEARCH_PATHS = (
					"$(inherited)",
					"@executable_path/Frameworks",
					"@executable_path/../../Frameworks",
				);
				MARKETING_VERSION = 1.0;
				PRODUCT_BUNDLE_IDENTIFIER = com.tier9digital.SimpleStats.SimpleStatsWidget;
				PRODUCT_NAME = "$(TARGET_NAME)";
				SKIP_INSTALL = YES;
				STRING_CATALOG_GENERATE_SYMBOLS = YES;
				SWIFT_APPROACHABLE_CONCURRENCY = NO;
				SWIFT_EMIT_LOC_STRINGS = YES;
				SWIFT_UPCOMING_FEATURE_MEMBER_IMPORT_VISIBILITY = YES;
				SWIFT_VERSION = 5.0;
				TARGETED_DEVICE_FAMILY = "1,2";
			};
			name = Debug;
		};
		759145702E245A5900F27C2E /* Release */ = {
			isa = XCBuildConfiguration;
			buildSettings = {
				ASSETCATALOG_COMPILER_GLOBAL_ACCENT_COLOR_NAME = AccentColor;
				ASSETCATALOG_COMPILER_WIDGET_BACKGROUND_COLOR_NAME = WidgetBackground;
				CODE_SIGN_STYLE = Automatic;
				CURRENT_PROJECT_VERSION = 1;
				DEVELOPMENT_TEAM = 92N443P47Y;
				GENERATE_INFOPLIST_FILE = YES;
				INFOPLIST_FILE = SimpleStatsWidget/Info.plist;
				INFOPLIST_KEY_CFBundleDisplayName = SimpleStatsWidget;
				INFOPLIST_KEY_NSHumanReadableCopyright = "";
				LD_RUNPATH_SEARCH_PATHS = (
					"$(inherited)",
					"@executable_path/Frameworks",
					"@executable_path/../../Frameworks",
				);
				MARKETING_VERSION = 1.0;
				PRODUCT_BUNDLE_IDENTIFIER = com.tier9digital.SimpleStats.SimpleStatsWidget;
				PRODUCT_NAME = "$(TARGET_NAME)";
				SKIP_INSTALL = YES;
				STRING_CATALOG_GENERATE_SYMBOLS = YES;
				SWIFT_APPROACHABLE_CONCURRENCY = NO;
				SWIFT_EMIT_LOC_STRINGS = YES;
				SWIFT_UPCOMING_FEATURE_MEMBER_IMPORT_VISIBILITY = YES;
				SWIFT_VERSION = 5.0;
				TARGETED_DEVICE_FAMILY = "1,2";
			};
			name = Release;
		};
		75914B592E2492A400F27C2E /* Debug */ = {
			isa = XCBuildConfiguration;
			buildSettings = {
				ASSETCATALOG_COMPILER_APPICON_NAME = AppIcon;
				ASSETCATALOG_COMPILER_GLOBAL_ACCENT_COLOR_NAME = AccentColor;
				CODE_SIGN_STYLE = Automatic;
				CURRENT_PROJECT_VERSION = 1;
				DEVELOPMENT_TEAM = 92N443P47Y;
				ENABLE_PREVIEWS = YES;
				GENERATE_INFOPLIST_FILE = YES;
				INFOPLIST_KEY_CFBundleDisplayName = SimpleStatsWatch;
				INFOPLIST_KEY_UISupportedInterfaceOrientations = "UIInterfaceOrientationPortrait UIInterfaceOrientationPortraitUpsideDown";
				INFOPLIST_KEY_WKCompanionAppBundleIdentifier = com.tier9digital.SimpleStats;
				LD_RUNPATH_SEARCH_PATHS = (
					"$(inherited)",
					"@executable_path/Frameworks",
				);
				MARKETING_VERSION = 1.0;
				PRODUCT_BUNDLE_IDENTIFIER = com.tier9digital.SimpleStats.watchkitapp;
				PRODUCT_NAME = "$(TARGET_NAME)";
				SDKROOT = watchos;
				SKIP_INSTALL = YES;
				STRING_CATALOG_GENERATE_SYMBOLS = YES;
				SWIFT_APPROACHABLE_CONCURRENCY = YES;
				SWIFT_DEFAULT_ACTOR_ISOLATION = MainActor;
				SWIFT_EMIT_LOC_STRINGS = YES;
				SWIFT_UPCOMING_FEATURE_MEMBER_IMPORT_VISIBILITY = YES;
				SWIFT_VERSION = 5.0;
				TARGETED_DEVICE_FAMILY = 4;
				WATCHOS_DEPLOYMENT_TARGET = 26.0;
			};
			name = Debug;
		};
		75914B5A2E2492A400F27C2E /* Release */ = {
			isa = XCBuildConfiguration;
			buildSettings = {
				ASSETCATALOG_COMPILER_APPICON_NAME = AppIcon;
				ASSETCATALOG_COMPILER_GLOBAL_ACCENT_COLOR_NAME = AccentColor;
				CODE_SIGN_STYLE = Automatic;
				CURRENT_PROJECT_VERSION = 1;
				DEVELOPMENT_TEAM = 92N443P47Y;
				ENABLE_PREVIEWS = YES;
				GENERATE_INFOPLIST_FILE = YES;
				INFOPLIST_KEY_CFBundleDisplayName = SimpleStatsWatch;
				INFOPLIST_KEY_UISupportedInterfaceOrientations = "UIInterfaceOrientationPortrait UIInterfaceOrientationPortraitUpsideDown";
				INFOPLIST_KEY_WKCompanionAppBundleIdentifier = com.tier9digital.SimpleStats;
				LD_RUNPATH_SEARCH_PATHS = (
					"$(inherited)",
					"@executable_path/Frameworks",
				);
				MARKETING_VERSION = 1.0;
				PRODUCT_BUNDLE_IDENTIFIER = com.tier9digital.SimpleStats.watchkitapp;
				PRODUCT_NAME = "$(TARGET_NAME)";
				SDKROOT = watchos;
				SKIP_INSTALL = YES;
				STRING_CATALOG_GENERATE_SYMBOLS = YES;
				SWIFT_APPROACHABLE_CONCURRENCY = YES;
				SWIFT_DEFAULT_ACTOR_ISOLATION = MainActor;
				SWIFT_EMIT_LOC_STRINGS = YES;
				SWIFT_UPCOMING_FEATURE_MEMBER_IMPORT_VISIBILITY = YES;
				SWIFT_VERSION = 5.0;
				TARGETED_DEVICE_FAMILY = 4;
				WATCHOS_DEPLOYMENT_TARGET = 26.0;
			};
			name = Release;
		};
		75914B712E2492C100F27C2E /* Debug */ = {
			isa = XCBuildConfiguration;
			buildSettings = {
				ASSETCATALOG_COMPILER_GLOBAL_ACCENT_COLOR_NAME = AccentColor;
				ASSETCATALOG_COMPILER_WIDGET_BACKGROUND_COLOR_NAME = WidgetBackground;
				CODE_SIGN_STYLE = Automatic;
				CURRENT_PROJECT_VERSION = 1;
				DEVELOPMENT_TEAM = 92N443P47Y;
				GENERATE_INFOPLIST_FILE = YES;
				INFOPLIST_FILE = SimpleStatsWatchWidget/Info.plist;
				INFOPLIST_KEY_CFBundleDisplayName = SimpleStatsWatchWidget;
				INFOPLIST_KEY_NSHumanReadableCopyright = "";
				LD_RUNPATH_SEARCH_PATHS = (
					"$(inherited)",
					"@executable_path/Frameworks",
					"@executable_path/../../Frameworks",
					"@executable_path/../../../../Frameworks",
				);
				MARKETING_VERSION = 1.0;
				PRODUCT_BUNDLE_IDENTIFIER = com.tier9digital.SimpleStats.watchkitapp.SimpleStatsWatchWidget;
				PRODUCT_NAME = "$(TARGET_NAME)";
				SDKROOT = watchos;
				SKIP_INSTALL = YES;
				STRING_CATALOG_GENERATE_SYMBOLS = YES;
				SWIFT_APPROACHABLE_CONCURRENCY = YES;
				SWIFT_EMIT_LOC_STRINGS = YES;
				SWIFT_UPCOMING_FEATURE_MEMBER_IMPORT_VISIBILITY = YES;
				SWIFT_VERSION = 5.0;
				TARGETED_DEVICE_FAMILY = 4;
				WATCHOS_DEPLOYMENT_TARGET = 26.0;
			};
			name = Debug;
		};
		75914B722E2492C100F27C2E /* Release */ = {
			isa = XCBuildConfiguration;
			buildSettings = {
				ASSETCATALOG_COMPILER_GLOBAL_ACCENT_COLOR_NAME = AccentColor;
				ASSETCATALOG_COMPILER_WIDGET_BACKGROUND_COLOR_NAME = WidgetBackground;
				CODE_SIGN_STYLE = Automatic;
				CURRENT_PROJECT_VERSION = 1;
				DEVELOPMENT_TEAM = 92N443P47Y;
				GENERATE_INFOPLIST_FILE = YES;
				INFOPLIST_FILE = SimpleStatsWatchWidget/Info.plist;
				INFOPLIST_KEY_CFBundleDisplayName = SimpleStatsWatchWidget;
				INFOPLIST_KEY_NSHumanReadableCopyright = "";
				LD_RUNPATH_SEARCH_PATHS = (
					"$(inherited)",
					"@executable_path/Frameworks",
					"@executable_path/../../Frameworks",
					"@executable_path/../../../../Frameworks",
				);
				MARKETING_VERSION = 1.0;
				PRODUCT_BUNDLE_IDENTIFIER = com.tier9digital.SimpleStats.watchkitapp.SimpleStatsWatchWidget;
				PRODUCT_NAME = "$(TARGET_NAME)";
				SDKROOT = watchos;
				SKIP_INSTALL = YES;
				STRING_CATALOG_GENERATE_SYMBOLS = YES;
				SWIFT_APPROACHABLE_CONCURRENCY = YES;
				SWIFT_EMIT_LOC_STRINGS = YES;
				SWIFT_UPCOMING_FEATURE_MEMBER_IMPORT_VISIBILITY = YES;
				SWIFT_VERSION = 5.0;
				TARGETED_DEVICE_FAMILY = 4;
				WATCHOS_DEPLOYMENT_TARGET = 26.0;
			};
			name = Release;
		};
/* End XCBuildConfiguration section */

/* Begin XCConfigurationList section */
		759145432E245A2F00F27C2E /* Build configuration list for PBXProject "SimpleStats" */ = {
			isa = XCConfigurationList;
			buildConfigurations = (
				759145512E245A3000F27C2E /* Debug */,
				759145522E245A3000F27C2E /* Release */,
			);
			defaultConfigurationIsVisible = 0;
			defaultConfigurationName = Release;
		};
		759145532E245A3000F27C2E /* Build configuration list for PBXNativeTarget "SimpleStats" */ = {
			isa = XCConfigurationList;
			buildConfigurations = (
				759145542E245A3000F27C2E /* Debug */,
				759145552E245A3000F27C2E /* Release */,
			);
			defaultConfigurationIsVisible = 0;
			defaultConfigurationName = Release;
		};
		7591456E2E245A5900F27C2E /* Build configuration list for PBXNativeTarget "SimpleStatsWidgetExtension" */ = {
			isa = XCConfigurationList;
			buildConfigurations = (
				7591456F2E245A5900F27C2E /* Debug */,
				759145702E245A5900F27C2E /* Release */,
			);
			defaultConfigurationIsVisible = 0;
			defaultConfigurationName = Release;
		};
		75914B5B2E2492A400F27C2E /* Build configuration list for PBXNativeTarget "SimpleStatsWatch Watch App" */ = {
			isa = XCConfigurationList;
			buildConfigurations = (
				75914B592E2492A400F27C2E /* Debug */,
				75914B5A2E2492A400F27C2E /* Release */,
			);
			defaultConfigurationIsVisible = 0;
			defaultConfigurationName = Release;
		};
		75914B702E2492C100F27C2E /* Build configuration list for PBXNativeTarget "SimpleStatsWatchWidgetExtension" */ = {
			isa = XCConfigurationList;
			buildConfigurations = (
				75914B712E2492C100F27C2E /* Debug */,
				75914B722E2492C100F27C2E /* Release */,
			);
			defaultConfigurationIsVisible = 0;
			defaultConfigurationName = Release;
		};
/* End XCConfigurationList section */
	};
	rootObject = 759145402E245A2F00F27C2E /* Project object */;
}
